{
  "originHash" : "62f4f98ee8462a5ca07bccb7a669dc3e4e2582132c180d5b2279cde24b3fb9ec",
  "pins" : [
    {
      "identity" : "notificationlog",
      "kind" : "remoteSourceControl",
      "location" : "https://github.com/RileyK19/NotificationLog",
      "state" : {
        "branch" : "main",
        "revision" : "3a695dc612f7276755bf797a73fe083b33b9af29"
      }
    },
    {
      "identity" : "pocketsvg",
      "kind" : "remoteSourceControl",
      "location" : "https://github.com/pocketsvg/pocketsvg",
      "state" : {
        "revision" : "83c653699f5c7d7688f6ede73a78305319b96584",
        "version" : "3.2.0"
      }
    }
  ],
  "version" : 3
}
